{
  "name": "ng-foundry-models",
  "version": "0.0.12",
  "lockfileVersion": 1,
  "requires": true,
  "dependencies": {
    "@types/greensock": {
      "version": "1.15.32",
      "resolved": "https://registry.npmjs.org/@types/greensock/-/greensock-1.15.32.tgz",
      "integrity": "sha1-CD2qwlqebzMtVnixRi1vl6giUfc="
    },
    "@types/gsap": {
      "version": "1.19.2",
      "resolved": "https://registry.npmjs.org/@types/gsap/-/gsap-1.19.2.tgz",
      "integrity": "sha512-rEEGaIt6Q8IYRiwLfkJjcQOxFX/UehwXUvjvxiWT4WN07U0C4omh5WWciy99KFChJWYoCHAZY3FdAeFMKXTgDg=="
    },
    "@types/three": {
      "version": "0.92.12",
      "resolved": "https://registry.npmjs.org/@types/three/-/three-0.92.12.tgz",
      "integrity": "sha512-UygzNzTv8jTpz5XrxETBkTxZ9cZQShIr6p5dvVCu4bfE6iTteUNs6cXWyMVAihKmdfJmkA3P0maEiYl90y150A==",
      "requires": {
        "@types/webvr-api": "*"
      }
    },
    "@types/webvr-api": {
      "version": "0.0.34",
      "resolved": "https://registry.npmjs.org/@types/webvr-api/-/webvr-api-0.0.34.tgz",
      "integrity": "sha512-gVAPKK+L1blPJCFnUDmkIdRfIU8xbwl05MDXPRjnjoeDXUUzR6frPuyx9RQz+OCodmxlBcJOkjVTMTZi1BcuZw=="
    },
    "gsap": {
      "version": "1.20.6",
      "resolved": "https://registry.npmjs.org/gsap/-/gsap-1.20.6.tgz",
      "integrity": "sha512-XM2BdaoJP23KSg/u4FnsqVI+HI7/jcVZbHFU8JfzNLvPCF08yf4a/WRFP/lQ5gbWydpL7g/YKjPe/PMpw+5WJQ=="
    },
    "mime-db": {
      "version": "1.24.0",
      "resolved": "https://registry.npmjs.org/mime-db/-/mime-db-1.24.0.tgz",
      "integrity": "sha1-4tE/k58AFsbk6a0lqGUvEmxGfww="
    },
    "mime-types": {
      "version": "2.1.12",
      "resolved": "https://registry.npmjs.org/mime-types/-/mime-types-2.1.12.tgz",
      "integrity": "sha1-FSuiVndwIN1GY/VMLnvCY4HnFyk=",
      "requires": {
        "mime-db": "~1.24.0"
      }
    },
    "rxjs": {
      "version": "6.2.2",
      "resolved": "https://registry.npmjs.org/rxjs/-/rxjs-6.2.2.tgz",
      "integrity": "sha512-0MI8+mkKAXZUF9vMrEoPnaoHkfzBPP4IGwUYRJhIRJF6/w3uByO1e91bEHn8zd43RdkTMKiooYKmwz7RH6zfOQ==",
      "requires": {
        "tslib": "^1.9.0"
      }
    },
    "rxjs-compat": {
      "version": "6.2.2",
      "resolved": "https://registry.npmjs.org/rxjs-compat/-/rxjs-compat-6.2.2.tgz",
      "integrity": "sha512-h113JzEXnqBd6JQ8TYg33oDuM3baZ9WKS49rtbMX0gBW2Kz0z4wDZ0/pCA0T9sRJM1HkZT6mt45gpYOJ2MqWYQ=="
    },
    "savery": {
      "version": "1.2.0",
      "resolved": "https://registry.npmjs.org/savery/-/savery-1.2.0.tgz",
      "integrity": "sha1-CqlrSjpMlhvHOJt49agoyDa94hw=",
      "requires": {
        "mime-types": "2.1.12"
      }
    },
    "three": {
      "version": "0.94.0",
      "resolved": "https://registry.npmjs.org/three/-/three-0.94.0.tgz",
      "integrity": "sha1-TObbfyv795wtc0RKpuPPwIoy12I="
    },
    "tslib": {
      "version": "1.9.3",
      "resolved": "https://registry.npmjs.org/tslib/-/tslib-1.9.3.tgz",
      "integrity": "sha512-4krF8scpejhaOgqzBEcGM7yDIEfi0/8+8zDRZhNZZ2kjmHJ4hv3zCbQWxoJGz1iw5U0Jl0nma13xzHXcncMavQ=="
    }
  }
}
